Microsoft Visual Studio Solution File, Format Version 9.00
# Visual Studio 2005
Project("{8BC9CEB8-8B4A-11D0-8D11-00A0C91BC942}") = "Torque Demo", "Torque Demo.vcproj", "{B1004AB2-F57B-4330-A303-6DB62C433C93}"
	ProjectSection(ProjectDependencies) = postProject
		{E42AB819-339B-48C8-AE28-605CF4F9FD34} = {E42AB819-339B-48C8-AE28-605CF4F9FD34}
		{1037E828-89D0-4B23-8055-B3197EB515AA} = {1037E828-89D0-4B23-8055-B3197EB515AA}
		{D82FB876-BFD9-41DE-9403-D13BDBE7FCB1} = {D82FB876-BFD9-41DE-9403-D13BDBE7FCB1}
		{2B1EECAA-19CD-41CB-9B2B-87C6317EC1B2} = {2B1EECAA-19CD-41CB-9B2B-87C6317EC1B2}
		{66988AD4-F6F8-49EF-A4E1-3F43CC125962} = {66988AD4-F6F8-49EF-A4E1-3F43CC125962}
		{87BFA0FD-C761-4938-9C20-F15DD14E48E1} = {87BFA0FD-C761-4938-9C20-F15DD14E48E1}
	EndProjectSection
EndProject
Project("{8BC9CEB8-8B4A-11D0-8D11-00A0C91BC942}") = "Torque Tool Lib", "Torque Tool Lib.vcproj", "{B0C44BD5-406D-4095-A5F6-2F36733014E7}"
	ProjectSection(ProjectDependencies) = postProject
		{E42AB819-339B-48C8-AE28-605CF4F9FD34} = {E42AB819-339B-48C8-AE28-605CF4F9FD34}
		{1037E828-89D0-4B23-8055-B3197EB515AA} = {1037E828-89D0-4B23-8055-B3197EB515AA}
		{D82FB876-BFD9-41DE-9403-D13BDBE7FCB1} = {D82FB876-BFD9-41DE-9403-D13BDBE7FCB1}
		{2B1EECAA-19CD-41CB-9B2B-87C6317EC1B2} = {2B1EECAA-19CD-41CB-9B2B-87C6317EC1B2}
	EndProjectSection
EndProject
Project("{8BC9CEB8-8B4A-11D0-8D11-00A0C91BC942}") = "buildWad", "buildWad.vcproj", "{3232A0B0-9DE6-434A-88C8-06833691B9A8}"
	ProjectSection(ProjectDependencies) = postProject
		{B0C44BD5-406D-4095-A5F6-2F36733014E7} = {B0C44BD5-406D-4095-A5F6-2F36733014E7}
	EndProjectSection
EndProject
Project("{8BC9CEB8-8B4A-11D0-8D11-00A0C91BC942}") = "dtsSDK", "dtsSDK.vcproj", "{7826C608-628D-4E8E-809F-B466ABE74F00}"
EndProject
Project("{8BC9CEB8-8B4A-11D0-8D11-00A0C91BC942}") = "glu2d3d", "glu2d3d.vcproj", "{87BFA0FD-C761-4938-9C20-F15DD14E48E1}"
	ProjectSection(ProjectDependencies) = postProject
		{66988AD4-F6F8-49EF-A4E1-3F43CC125962} = {66988AD4-F6F8-49EF-A4E1-3F43CC125962}
	EndProjectSection
EndProject
Project("{8BC9CEB8-8B4A-11D0-8D11-00A0C91BC942}") = "ljpeg", "ljpeg.vcproj", "{2B1EECAA-19CD-41CB-9B2B-87C6317EC1B2}"
EndProject
Project("{8BC9CEB8-8B4A-11D0-8D11-00A0C91BC942}") = "lpng", "lpng.vcproj", "{D82FB876-BFD9-41DE-9403-D13BDBE7FCB1}"
	ProjectSection(ProjectDependencies) = postProject
		{1037E828-89D0-4B23-8055-B3197EB515AA} = {1037E828-89D0-4B23-8055-B3197EB515AA}
	EndProjectSection
EndProject
Project("{8BC9CEB8-8B4A-11D0-8D11-00A0C91BC942}") = "lungif", "lungif.vcproj", "{E42AB819-339B-48C8-AE28-605CF4F9FD34}"
EndProject
Project("{8BC9CEB8-8B4A-11D0-8D11-00A0C91BC942}") = "map2dif", "map2dif.vcproj", "{72645D1D-C1D3-45BC-9C26-C994BCBFA0B0}"
	ProjectSection(ProjectDependencies) = postProject
		{B0C44BD5-406D-4095-A5F6-2F36733014E7} = {B0C44BD5-406D-4095-A5F6-2F36733014E7}
	EndProjectSection
EndProject
Project("{8BC9CEB8-8B4A-11D0-8D11-00A0C91BC942}") = "max2dtsExporter Max3", "max2dtsExporter_Max3.vcproj", "{0D374C53-0086-40D3-864C-406A0AADAB08}"
	ProjectSection(ProjectDependencies) = postProject
		{B0C44BD5-406D-4095-A5F6-2F36733014E7} = {B0C44BD5-406D-4095-A5F6-2F36733014E7}
	EndProjectSection
EndProject
Project("{8BC9CEB8-8B4A-11D0-8D11-00A0C91BC942}") = "max2dtsExporter Max4", "max2dtsExporter_Max4.vcproj", "{30AE0A2F-6A7B-4680-B346-A442F92EBED3}"
	ProjectSection(ProjectDependencies) = postProject
		{B0C44BD5-406D-4095-A5F6-2F36733014E7} = {B0C44BD5-406D-4095-A5F6-2F36733014E7}
	EndProjectSection
EndProject
Project("{8BC9CEB8-8B4A-11D0-8D11-00A0C91BC942}") = "ms2dtsExporter", "ms2dtsExporter.vcproj", "{5580CE27-80F7-4209-8504-89E18302CC4B}"
	ProjectSection(ProjectDependencies) = postProject
		{7826C608-628D-4E8E-809F-B466ABE74F00} = {7826C608-628D-4E8E-809F-B466ABE74F00}
	EndProjectSection
EndProject
Project("{8BC9CEB8-8B4A-11D0-8D11-00A0C91BC942}") = "opengl2d3d", "opengl2d3d.vcproj", "{66988AD4-F6F8-49EF-A4E1-3F43CC125962}"
EndProject
Project("{8BC9CEB8-8B4A-11D0-8D11-00A0C91BC942}") = "zlib", "zlib.vcproj", "{1037E828-89D0-4B23-8055-B3197EB515AA}"
EndProject
Project("{8BC9CEB8-8B4A-11D0-8D11-00A0C91BC942}") = "map2dif plus", "map2dif plus.vcproj", "{CA4D37D5-5968-4F3A-9D56-06B21F9441D1}"
	ProjectSection(ProjectDependencies) = postProject
		{E42AB819-339B-48C8-AE28-605CF4F9FD34} = {E42AB819-339B-48C8-AE28-605CF4F9FD34}
		{1037E828-89D0-4B23-8055-B3197EB515AA} = {1037E828-89D0-4B23-8055-B3197EB515AA}
		{D82FB876-BFD9-41DE-9403-D13BDBE7FCB1} = {D82FB876-BFD9-41DE-9403-D13BDBE7FCB1}
		{2B1EECAA-19CD-41CB-9B2B-87C6317EC1B2} = {2B1EECAA-19CD-41CB-9B2B-87C6317EC1B2}
		{B0C44BD5-406D-4095-A5F6-2F36733014E7} = {B0C44BD5-406D-4095-A5F6-2F36733014E7}
	EndProjectSection
EndProject
Project("{8BC9CEB8-8B4A-11D0-8D11-00A0C91BC942}") = "langc", "langc.vcproj", "{F66E7A01-0672-48BF-B9DC-9724101EE83D}"
	ProjectSection(ProjectDependencies) = postProject
		{B0C44BD5-406D-4095-A5F6-2F36733014E7} = {B0C44BD5-406D-4095-A5F6-2F36733014E7}
	EndProjectSection
EndProject
Project("{8BC9CEB8-8B4A-11D0-8D11-00A0C91BC942}") = "fonttool", "fonttool.vcproj", "{58BD257B-C97E-48AA-8EBC-B7A1A19A3583}"
EndProject
Global
	GlobalSection(SolutionConfigurationPlatforms) = preSolution
		Debug|Win32 = Debug|Win32
		Hybrid|Win32 = Hybrid|Win32
		Release|Win32 = Release|Win32
	EndGlobalSection
	GlobalSection(ProjectConfigurationPlatforms) = postSolution
		{B1004AB2-F57B-4330-A303-6DB62C433C93}.Debug|Win32.ActiveCfg = Debug|Win32
		{B1004AB2-F57B-4330-A303-6DB62C433C93}.Debug|Win32.Build.0 = Debug|Win32
		{B1004AB2-F57B-4330-A303-6DB62C433C93}.Hybrid|Win32.ActiveCfg = Release|Win32
		{B1004AB2-F57B-4330-A303-6DB62C433C93}.Hybrid|Win32.Build.0 = Release|Win32
		{B1004AB2-F57B-4330-A303-6DB62C433C93}.Release|Win32.ActiveCfg = Release|Win32
		{B1004AB2-F57B-4330-A303-6DB62C433C93}.Release|Win32.Build.0 = Release|Win32
		{B0C44BD5-406D-4095-A5F6-2F36733014E7}.Debug|Win32.ActiveCfg = Debug|Win32
		{B0C44BD5-406D-4095-A5F6-2F36733014E7}.Debug|Win32.Build.0 = Debug|Win32
		{B0C44BD5-406D-4095-A5F6-2F36733014E7}.Hybrid|Win32.ActiveCfg = Debug|Win32
		{B0C44BD5-406D-4095-A5F6-2F36733014E7}.Hybrid|Win32.Build.0 = Debug|Win32
		{B0C44BD5-406D-4095-A5F6-2F36733014E7}.Release|Win32.ActiveCfg = Release|Win32
		{B0C44BD5-406D-4095-A5F6-2F36733014E7}.Release|Win32.Build.0 = Release|Win32
		{3232A0B0-9DE6-434A-88C8-06833691B9A8}.Debug|Win32.ActiveCfg = Debug|Win32
		{3232A0B0-9DE6-434A-88C8-06833691B9A8}.Debug|Win32.Build.0 = Debug|Win32
		{3232A0B0-9DE6-434A-88C8-06833691B9A8}.Hybrid|Win32.ActiveCfg = Release|Win32
		{3232A0B0-9DE6-434A-88C8-06833691B9A8}.Hybrid|Win32.Build.0 = Release|Win32
		{3232A0B0-9DE6-434A-88C8-06833691B9A8}.Release|Win32.ActiveCfg = Release|Win32
		{3232A0B0-9DE6-434A-88C8-06833691B9A8}.Release|Win32.Build.0 = Release|Win32
		{7826C608-628D-4E8E-809F-B466ABE74F00}.Debug|Win32.ActiveCfg = Debug|Win32
		{7826C608-628D-4E8E-809F-B466ABE74F00}.Debug|Win32.Build.0 = Debug|Win32
		{7826C608-628D-4E8E-809F-B466ABE74F00}.Hybrid|Win32.ActiveCfg = Hybrid|Win32
		{7826C608-628D-4E8E-809F-B466ABE74F00}.Hybrid|Win32.Build.0 = Hybrid|Win32
		{7826C608-628D-4E8E-809F-B466ABE74F00}.Release|Win32.ActiveCfg = Release|Win32
		{7826C608-628D-4E8E-809F-B466ABE74F00}.Release|Win32.Build.0 = Release|Win32
		{87BFA0FD-C761-4938-9C20-F15DD14E48E1}.Debug|Win32.ActiveCfg = Debug|Win32
		{87BFA0FD-C761-4938-9C20-F15DD14E48E1}.Debug|Win32.Build.0 = Debug|Win32
		{87BFA0FD-C761-4938-9C20-F15DD14E48E1}.Hybrid|Win32.ActiveCfg = Release|Win32
		{87BFA0FD-C761-4938-9C20-F15DD14E48E1}.Hybrid|Win32.Build.0 = Release|Win32
		{87BFA0FD-C761-4938-9C20-F15DD14E48E1}.Release|Win32.ActiveCfg = Release|Win32
		{87BFA0FD-C761-4938-9C20-F15DD14E48E1}.Release|Win32.Build.0 = Release|Win32
		{2B1EECAA-19CD-41CB-9B2B-87C6317EC1B2}.Debug|Win32.ActiveCfg = Debug|Win32
		{2B1EECAA-19CD-41CB-9B2B-87C6317EC1B2}.Debug|Win32.Build.0 = Debug|Win32
		{2B1EECAA-19CD-41CB-9B2B-87C6317EC1B2}.Hybrid|Win32.ActiveCfg = Debug|Win32
		{2B1EECAA-19CD-41CB-9B2B-87C6317EC1B2}.Hybrid|Win32.Build.0 = Debug|Win32
		{2B1EECAA-19CD-41CB-9B2B-87C6317EC1B2}.Release|Win32.ActiveCfg = Release|Win32
		{2B1EECAA-19CD-41CB-9B2B-87C6317EC1B2}.Release|Win32.Build.0 = Release|Win32
		{D82FB876-BFD9-41DE-9403-D13BDBE7FCB1}.Debug|Win32.ActiveCfg = Debug|Win32
		{D82FB876-BFD9-41DE-9403-D13BDBE7FCB1}.Debug|Win32.Build.0 = Debug|Win32
		{D82FB876-BFD9-41DE-9403-D13BDBE7FCB1}.Hybrid|Win32.ActiveCfg = Release|Win32
		{D82FB876-BFD9-41DE-9403-D13BDBE7FCB1}.Hybrid|Win32.Build.0 = Release|Win32
		{D82FB876-BFD9-41DE-9403-D13BDBE7FCB1}.Release|Win32.ActiveCfg = Release|Win32
		{D82FB876-BFD9-41DE-9403-D13BDBE7FCB1}.Release|Win32.Build.0 = Release|Win32
		{E42AB819-339B-48C8-AE28-605CF4F9FD34}.Debug|Win32.ActiveCfg = Debug|Win32
		{E42AB819-339B-48C8-AE28-605CF4F9FD34}.Debug|Win32.Build.0 = Debug|Win32
		{E42AB819-339B-48C8-AE28-605CF4F9FD34}.Hybrid|Win32.ActiveCfg = Debug|Win32
		{E42AB819-339B-48C8-AE28-605CF4F9FD34}.Hybrid|Win32.Build.0 = Debug|Win32
		{E42AB819-339B-48C8-AE28-605CF4F9FD34}.Release|Win32.ActiveCfg = Release|Win32
		{E42AB819-339B-48C8-AE28-605CF4F9FD34}.Release|Win32.Build.0 = Release|Win32
		{72645D1D-C1D3-45BC-9C26-C994BCBFA0B0}.Debug|Win32.ActiveCfg = Debug|Win32
		{72645D1D-C1D3-45BC-9C26-C994BCBFA0B0}.Debug|Win32.Build.0 = Debug|Win32
		{72645D1D-C1D3-45BC-9C26-C994BCBFA0B0}.Hybrid|Win32.ActiveCfg = Release|Win32
		{72645D1D-C1D3-45BC-9C26-C994BCBFA0B0}.Hybrid|Win32.Build.0 = Release|Win32
		{72645D1D-C1D3-45BC-9C26-C994BCBFA0B0}.Release|Win32.ActiveCfg = Release|Win32
		{72645D1D-C1D3-45BC-9C26-C994BCBFA0B0}.Release|Win32.Build.0 = Release|Win32
		{0D374C53-0086-40D3-864C-406A0AADAB08}.Debug|Win32.ActiveCfg = Debug|Win32
		{0D374C53-0086-40D3-864C-406A0AADAB08}.Debug|Win32.Build.0 = Debug|Win32
		{0D374C53-0086-40D3-864C-406A0AADAB08}.Hybrid|Win32.ActiveCfg = Debug|Win32
		{0D374C53-0086-40D3-864C-406A0AADAB08}.Hybrid|Win32.Build.0 = Debug|Win32
		{0D374C53-0086-40D3-864C-406A0AADAB08}.Release|Win32.ActiveCfg = Release|Win32
		{0D374C53-0086-40D3-864C-406A0AADAB08}.Release|Win32.Build.0 = Release|Win32
		{30AE0A2F-6A7B-4680-B346-A442F92EBED3}.Debug|Win32.ActiveCfg = Debug|Win32
		{30AE0A2F-6A7B-4680-B346-A442F92EBED3}.Debug|Win32.Build.0 = Debug|Win32
		{30AE0A2F-6A7B-4680-B346-A442F92EBED3}.Hybrid|Win32.ActiveCfg = Release|Win32
		{30AE0A2F-6A7B-4680-B346-A442F92EBED3}.Hybrid|Win32.Build.0 = Release|Win32
		{30AE0A2F-6A7B-4680-B346-A442F92EBED3}.Release|Win32.ActiveCfg = Release|Win32
		{30AE0A2F-6A7B-4680-B346-A442F92EBED3}.Release|Win32.Build.0 = Release|Win32
		{5580CE27-80F7-4209-8504-89E18302CC4B}.Debug|Win32.ActiveCfg = Debug|Win32
		{5580CE27-80F7-4209-8504-89E18302CC4B}.Debug|Win32.Build.0 = Debug|Win32
		{5580CE27-80F7-4209-8504-89E18302CC4B}.Hybrid|Win32.ActiveCfg = Debug|Win32
		{5580CE27-80F7-4209-8504-89E18302CC4B}.Hybrid|Win32.Build.0 = Debug|Win32
		{5580CE27-80F7-4209-8504-89E18302CC4B}.Release|Win32.ActiveCfg = Release|Win32
		{5580CE27-80F7-4209-8504-89E18302CC4B}.Release|Win32.Build.0 = Release|Win32
		{66988AD4-F6F8-49EF-A4E1-3F43CC125962}.Debug|Win32.ActiveCfg = Debug|Win32
		{66988AD4-F6F8-49EF-A4E1-3F43CC125962}.Debug|Win32.Build.0 = Debug|Win32
		{66988AD4-F6F8-49EF-A4E1-3F43CC125962}.Hybrid|Win32.ActiveCfg = Release|Win32
		{66988AD4-F6F8-49EF-A4E1-3F43CC125962}.Hybrid|Win32.Build.0 = Release|Win32
		{66988AD4-F6F8-49EF-A4E1-3F43CC125962}.Release|Win32.ActiveCfg = Release|Win32
		{66988AD4-F6F8-49EF-A4E1-3F43CC125962}.Release|Win32.Build.0 = Release|Win32
		{1037E828-89D0-4B23-8055-B3197EB515AA}.Debug|Win32.ActiveCfg = Debug|Win32
		{1037E828-89D0-4B23-8055-B3197EB515AA}.Debug|Win32.Build.0 = Debug|Win32
		{1037E828-89D0-4B23-8055-B3197EB515AA}.Hybrid|Win32.ActiveCfg = Release|Win32
		{1037E828-89D0-4B23-8055-B3197EB515AA}.Hybrid|Win32.Build.0 = Release|Win32
		{1037E828-89D0-4B23-8055-B3197EB515AA}.Release|Win32.ActiveCfg = Release|Win32
		{1037E828-89D0-4B23-8055-B3197EB515AA}.Release|Win32.Build.0 = Release|Win32
		{CA4D37D5-5968-4F3A-9D56-06B21F9441D1}.Debug|Win32.ActiveCfg = Debug|Win32
		{CA4D37D5-5968-4F3A-9D56-06B21F9441D1}.Debug|Win32.Build.0 = Debug|Win32
		{CA4D37D5-5968-4F3A-9D56-06B21F9441D1}.Hybrid|Win32.ActiveCfg = Release|Win32
		{CA4D37D5-5968-4F3A-9D56-06B21F9441D1}.Hybrid|Win32.Build.0 = Release|Win32
		{CA4D37D5-5968-4F3A-9D56-06B21F9441D1}.Release|Win32.ActiveCfg = Release|Win32
		{CA4D37D5-5968-4F3A-9D56-06B21F9441D1}.Release|Win32.Build.0 = Release|Win32
		{F66E7A01-0672-48BF-B9DC-9724101EE83D}.Debug|Win32.ActiveCfg = Debug|Win32
		{F66E7A01-0672-48BF-B9DC-9724101EE83D}.Hybrid|Win32.ActiveCfg = Release|Win32
		{F66E7A01-0672-48BF-B9DC-9724101EE83D}.Hybrid|Win32.Build.0 = Release|Win32
		{F66E7A01-0672-48BF-B9DC-9724101EE83D}.Release|Win32.ActiveCfg = Release|Win32
		{58BD257B-C97E-48AA-8EBC-B7A1A19A3583}.Debug|Win32.ActiveCfg = Debug|Win32
		{58BD257B-C97E-48AA-8EBC-B7A1A19A3583}.Hybrid|Win32.ActiveCfg = Release|Win32
		{58BD257B-C97E-48AA-8EBC-B7A1A19A3583}.Hybrid|Win32.Build.0 = Release|Win32
		{58BD257B-C97E-48AA-8EBC-B7A1A19A3583}.Release|Win32.ActiveCfg = Release|Win32
	EndGlobalSection
	GlobalSection(SolutionProperties) = preSolution
		HideSolutionNode = FALSE
	EndGlobalSection
EndGlobal
