<?xml version="1.0" encoding="utf-8"?>
<Project ToolsVersion="4.0" xmlns="http://schemas.microsoft.com/developer/msbuild/2003">
  <ItemGroup>
    <Filter Include="Source Files">
      <UniqueIdentifier>{73f9b1a2-78ec-40fe-8169-576d91e13f51}</UniqueIdentifier>
      <Extensions>cpp;c;cxx;rc;def;r;odl;idl;hpj;bat</Extensions>
    </Filter>
    <Filter Include="Header Files">
      <UniqueIdentifier>{64d2e898-dafb-4207-b946-9a739bda32ad}</UniqueIdentifier>
      <Extensions>h;hpp;hxx;hm;inl</Extensions>
    </Filter>
    <Filter Include="Resource Files">
      <UniqueIdentifier>{46d31bbe-2ba3-4e60-8b98-a815a2fdc4d1}</UniqueIdentifier>
      <Extensions>ico;cur;bmp;dlg;rc2;rct;bin;rgs;gif;jpg;jpeg;jpe</Extensions>
    </Filter>
  </ItemGroup>
  <ItemGroup>
    <ClCompile Include="..\lib\opengl2d3d\GLU2D3D.cc">
      <Filter>Source Files</Filter>
    </ClCompile>
    <ClCompile Include="vc7fix.cpp">
      <Filter>Source Files</Filter>
    </ClCompile>
  </ItemGroup>
  <ItemGroup>
    <ClInclude Include="..\lib\opengl2d3d\gllist.h">
      <Filter>Header Files</Filter>
    </ClInclude>
    <ClInclude Include="..\lib\opengl2d3d\GLU2D3D.h">
      <Filter>Header Files</Filter>
    </ClInclude>
    <ClInclude Include="..\lib\opengl2d3d\OpenGL2D3D.h">
      <Filter>Header Files</Filter>
    </ClInclude>
  </ItemGroup>
  <ItemGroup>
    <None Include="..\lib\opengl2d3d\glu2d3d.def">
      <Filter>Resource Files</Filter>
    </None>
  </ItemGroup>
</Project>