<?xml version="1.0" encoding="utf-8"?>
<Project ToolsVersion="4.0" xmlns="http://schemas.microsoft.com/developer/msbuild/2003">
  <ItemGroup>
    <Filter Include="Source Files">
      <UniqueIdentifier>{eacca003-4aab-4fdd-b2dd-27f1c8bcb52f}</UniqueIdentifier>
      <Extensions>cpp;c;cxx;rc;def;r;odl;idl;hpj;bat;cc</Extensions>
    </Filter>
    <Filter Include="Header Files">
      <UniqueIdentifier>{457f621f-56c3-44dc-8f15-cc55fdb6f832}</UniqueIdentifier>
      <Extensions>h;hpp;hxx;hm;inl</Extensions>
    </Filter>
    <Filter Include="Resource Files">
      <UniqueIdentifier>{2d8a14cc-4f0b-45a2-96a4-a662ac1c8d60}</UniqueIdentifier>
      <Extensions>ico;cur;bmp;dlg;rc2;rct;bin;rgs;gif;jpg;jpeg;jpe</Extensions>
    </Filter>
  </ItemGroup>
  <ItemGroup>
    <ClCompile Include="..\tools\map2dif plus\bspNode.cc">
      <Filter>Source Files</Filter>
    </ClCompile>
    <ClCompile Include="..\tools\map2dif plus\convert.cc">
      <Filter>Source Files</Filter>
    </ClCompile>
    <ClCompile Include="..\tools\map2dif plus\createLightmaps.cc">
      <Filter>Source Files</Filter>
    </ClCompile>
    <ClCompile Include="..\tools\map2dif plus\csgBrush.cc">
      <Filter>Source Files</Filter>
    </ClCompile>
    <ClCompile Include="..\tools\map2dif plus\editFloorPlanRes.cc">
      <Filter>Source Files</Filter>
    </ClCompile>
    <ClCompile Include="..\tools\map2dif plus\editGeometry.cc">
      <Filter>Source Files</Filter>
    </ClCompile>
    <ClCompile Include="..\tools\map2dif plus\editInteriorRes.cc">
      <Filter>Source Files</Filter>
    </ClCompile>
    <ClCompile Include="..\tools\map2dif plus\entityTypes.cc">
      <Filter>Source Files</Filter>
    </ClCompile>
    <ClCompile Include="..\tools\map2dif plus\exportGeometry.cc">
      <Filter>Source Files</Filter>
    </ClCompile>
    <ClCompile Include="..\tools\map2dif plus\lmapPacker.cc">
      <Filter>Source Files</Filter>
    </ClCompile>
    <ClCompile Include="..\tools\map2dif plus\main.cc">
      <Filter>Source Files</Filter>
    </ClCompile>
    <ClCompile Include="..\tools\map2dif plus\morianUtil.cc">
      <Filter>Source Files</Filter>
    </ClCompile>
    <ClCompile Include="..\tools\map2dif plus\navGraph.cc">
      <Filter>Source Files</Filter>
    </ClCompile>
    <ClCompile Include="vc7fix.cpp">
      <Filter>Source Files</Filter>
    </ClCompile>
  </ItemGroup>
  <ItemGroup>
    <ClInclude Include="..\tools\map2dif plus\bspNode.h">
      <Filter>Header Files</Filter>
    </ClInclude>
    <ClInclude Include="..\tools\map2dif plus\convert.h">
      <Filter>Header Files</Filter>
    </ClInclude>
    <ClInclude Include="..\tools\map2dif plus\createLightmaps.h">
      <Filter>Header Files</Filter>
    </ClInclude>
    <ClInclude Include="..\tools\map2dif plus\csgBrush.h">
      <Filter>Header Files</Filter>
    </ClInclude>
    <ClInclude Include="..\tools\map2dif plus\editFloorPlanRes.h">
      <Filter>Header Files</Filter>
    </ClInclude>
    <ClInclude Include="..\tools\map2dif plus\editGeometry.h">
      <Filter>Header Files</Filter>
    </ClInclude>
    <ClInclude Include="..\tools\map2dif plus\editInteriorRes.h">
      <Filter>Header Files</Filter>
    </ClInclude>
    <ClInclude Include="..\tools\map2dif plus\entityTypes.h">
      <Filter>Header Files</Filter>
    </ClInclude>
    <ClInclude Include="..\tools\map2dif plus\lmapPacker.h">
      <Filter>Header Files</Filter>
    </ClInclude>
    <ClInclude Include="..\tools\map2dif plus\morianBasics.h">
      <Filter>Header Files</Filter>
    </ClInclude>
    <ClInclude Include="..\tools\map2dif plus\morianGame.h">
      <Filter>Header Files</Filter>
    </ClInclude>
    <ClInclude Include="..\tools\map2dif plus\morianUtil.h">
      <Filter>Header Files</Filter>
    </ClInclude>
  </ItemGroup>
</Project>