<?xml version="1.0" encoding="utf-8"?>
<Project ToolsVersion="4.0" xmlns="http://schemas.microsoft.com/developer/msbuild/2003">
  <ItemGroup>
    <Filter Include="Source Files">
      <UniqueIdentifier>{549436c4-0f74-44a7-924e-7796af66ad59}</UniqueIdentifier>
      <Extensions>cpp;c;cxx;rc;def;r;odl;idl;hpj;bat;cc</Extensions>
    </Filter>
    <Filter Include="Header Files">
      <UniqueIdentifier>{078bd78f-5674-4225-b2c5-6f0aaf1a334c}</UniqueIdentifier>
      <Extensions>h;hpp;hxx;hm;inl</Extensions>
    </Filter>
    <Filter Include="Resource Files">
      <UniqueIdentifier>{275e6b05-69f2-4fe8-88d5-5f302e0e8389}</UniqueIdentifier>
      <Extensions>ico;cur;bmp;dlg;rc2;rct;bin;rgs;gif;jpg;jpeg;jpe</Extensions>
    </Filter>
  </ItemGroup>
  <ItemGroup>
    <ClCompile Include="..\tools\map2dif\bspNode.cc">
      <Filter>Source Files</Filter>
    </ClCompile>
    <ClCompile Include="..\tools\map2dif\createLightmaps.cc">
      <Filter>Source Files</Filter>
    </ClCompile>
    <ClCompile Include="..\tools\map2dif\csgBrush.cc">
      <Filter>Source Files</Filter>
    </ClCompile>
    <ClCompile Include="..\tools\map2dif\editFloorPlanRes.cc">
      <Filter>Source Files</Filter>
    </ClCompile>
    <ClCompile Include="..\tools\map2dif\editGeometry.cc">
      <Filter>Source Files</Filter>
    </ClCompile>
    <ClCompile Include="..\tools\map2dif\editInteriorRes.cc">
      <Filter>Source Files</Filter>
    </ClCompile>
    <ClCompile Include="..\tools\map2dif\entityTypes.cc">
      <Filter>Source Files</Filter>
    </ClCompile>
    <ClCompile Include="..\tools\map2dif\exportGeometry.cc">
      <Filter>Source Files</Filter>
    </ClCompile>
    <ClCompile Include="..\tools\map2dif\lmapPacker.cc">
      <Filter>Source Files</Filter>
    </ClCompile>
    <ClCompile Include="..\tools\map2dif\main.cc">
      <Filter>Source Files</Filter>
    </ClCompile>
    <ClCompile Include="..\tools\map2dif\morianUtil.cc">
      <Filter>Source Files</Filter>
    </ClCompile>
    <ClCompile Include="..\tools\map2dif\navGraph.cc">
      <Filter>Source Files</Filter>
    </ClCompile>
    <ClCompile Include="..\tools\map2dif\tokenizer.cc">
      <Filter>Source Files</Filter>
    </ClCompile>
    <ClCompile Include="vc7fix.cpp">
      <Filter>Source Files</Filter>
    </ClCompile>
  </ItemGroup>
  <ItemGroup>
    <ClInclude Include="..\tools\map2dif\bspNode.h">
      <Filter>Header Files</Filter>
    </ClInclude>
    <ClInclude Include="..\tools\map2dif\createLightmaps.h">
      <Filter>Header Files</Filter>
    </ClInclude>
    <ClInclude Include="..\tools\map2dif\csgBrush.h">
      <Filter>Header Files</Filter>
    </ClInclude>
    <ClInclude Include="..\tools\map2dif\editFloorPlanRes.h">
      <Filter>Header Files</Filter>
    </ClInclude>
    <ClInclude Include="..\tools\map2dif\editGeometry.h">
      <Filter>Header Files</Filter>
    </ClInclude>
    <ClInclude Include="..\tools\map2dif\editInteriorRes.h">
      <Filter>Header Files</Filter>
    </ClInclude>
    <ClInclude Include="..\tools\map2dif\entityTypes.h">
      <Filter>Header Files</Filter>
    </ClInclude>
    <ClInclude Include="..\tools\map2dif\lmapPacker.h">
      <Filter>Header Files</Filter>
    </ClInclude>
    <ClInclude Include="..\tools\map2dif\morianBasics.h">
      <Filter>Header Files</Filter>
    </ClInclude>
    <ClInclude Include="..\tools\map2dif\morianGame.h">
      <Filter>Header Files</Filter>
    </ClInclude>
    <ClInclude Include="..\tools\map2dif\morianUtil.h">
      <Filter>Header Files</Filter>
    </ClInclude>
    <ClInclude Include="..\tools\map2dif\tokenizer.h">
      <Filter>Header Files</Filter>
    </ClInclude>
  </ItemGroup>
</Project>