<?xml version="1.0" encoding="utf-8"?>
<Project ToolsVersion="4.0" xmlns="http://schemas.microsoft.com/developer/msbuild/2003">
  <ItemGroup>
    <Filter Include="Source Files">
      <UniqueIdentifier>{b94fc87f-7fa9-4a20-bf25-3b2045c9d6dd}</UniqueIdentifier>
      <Extensions>cpp;c;cxx;rc;def;r;odl;idl;hpj;bat</Extensions>
    </Filter>
    <Filter Include="Header Files">
      <UniqueIdentifier>{2d20b96b-3748-4100-a214-6c0e9e6df7fe}</UniqueIdentifier>
      <Extensions>h;hpp;hxx;hm;inl</Extensions>
    </Filter>
    <Filter Include="Resource Files">
      <UniqueIdentifier>{672ed3a0-fc94-4d09-9722-42a3071b5a6c}</UniqueIdentifier>
      <Extensions>ico;cur;bmp;dlg;rc2;rct;bin;rgs;gif;jpg;jpeg;jpe</Extensions>
    </Filter>
  </ItemGroup>
  <ItemGroup>
    <ClCompile Include="..\tools\max2dtsExporter\exportUtil.cc">
      <Filter>Source Files</Filter>
    </ClCompile>
    <ClCompile Include="..\tools\max2dtsExporter\main.cc">
      <Filter>Source Files</Filter>
    </ClCompile>
    <ClCompile Include="..\tools\max2dtsExporter\maxUtil.cc">
      <Filter>Source Files</Filter>
    </ClCompile>
    <ClCompile Include="..\tools\max2dtsExporter\NvTriStripObjects.cc">
      <Filter>Source Files</Filter>
    </ClCompile>
    <ClCompile Include="..\tools\max2dtsExporter\NvVertexCache.cc">
      <Filter>Source Files</Filter>
    </ClCompile>
    <ClCompile Include="..\tools\max2dtsExporter\SceneEnum.cc">
      <Filter>Source Files</Filter>
    </ClCompile>
    <ClCompile Include="..\tools\max2dtsExporter\sequence.cc">
      <Filter>Source Files</Filter>
    </ClCompile>
    <ClCompile Include="..\tools\max2dtsExporter\ShapeMimic.cc">
      <Filter>Source Files</Filter>
    </ClCompile>
    <ClCompile Include="..\tools\max2dtsExporter\skinHelper.cc">
      <Filter>Source Files</Filter>
    </ClCompile>
    <ClCompile Include="..\tools\max2dtsExporter\stripper.cc">
      <Filter>Source Files</Filter>
    </ClCompile>
    <ClCompile Include="..\tools\max2dtsExporter\translucentSort.cc">
      <Filter>Source Files</Filter>
    </ClCompile>
    <ClCompile Include="vc7fix.cpp">
      <Filter>Source Files</Filter>
    </ClCompile>
  </ItemGroup>
  <ItemGroup>
    <ClInclude Include="..\tools\max2dtsExporter\exporter.h">
      <Filter>Header Files</Filter>
    </ClInclude>
    <ClInclude Include="..\tools\max2dtsExporter\exportUtil.h">
      <Filter>Header Files</Filter>
    </ClInclude>
    <ClInclude Include="..\tools\max2dtsExporter\maxUtil.h">
      <Filter>Header Files</Filter>
    </ClInclude>
    <ClInclude Include="..\tools\max2dtsExporter\NvTriStripObjects.h">
      <Filter>Header Files</Filter>
    </ClInclude>
    <ClInclude Include="..\tools\max2dtsExporter\NvVertexCache.h">
      <Filter>Header Files</Filter>
    </ClInclude>
    <ClInclude Include="..\tools\max2dtsExporter\SceneEnum.h">
      <Filter>Header Files</Filter>
    </ClInclude>
    <ClInclude Include="..\tools\max2dtsExporter\Sequence.h">
      <Filter>Header Files</Filter>
    </ClInclude>
    <ClInclude Include="..\tools\max2dtsExporter\ShapeMimic.h">
      <Filter>Header Files</Filter>
    </ClInclude>
    <ClInclude Include="..\tools\max2dtsExporter\skinHelper.h">
      <Filter>Header Files</Filter>
    </ClInclude>
    <ClInclude Include="..\tools\max2dtsExporter\stripper.h">
      <Filter>Header Files</Filter>
    </ClInclude>
    <ClInclude Include="..\tools\max2dtsExporter\translucentSort.h">
      <Filter>Header Files</Filter>
    </ClInclude>
  </ItemGroup>
  <ItemGroup>
    <None Include="..\tools\max2dtsExporter\exporter.def">
      <Filter>Resource Files</Filter>
    </None>
  </ItemGroup>
  <ItemGroup>
    <ResourceCompile Include="..\tools\max2dtsExporter\exporter.rc">
      <Filter>Resource Files</Filter>
    </ResourceCompile>
  </ItemGroup>
</Project>