<?xml version="1.0" encoding="utf-8"?>
<Project ToolsVersion="4.0" xmlns="http://schemas.microsoft.com/developer/msbuild/2003">
  <ItemGroup>
    <Filter Include="Source Files">
      <UniqueIdentifier>{1775d561-d7cc-42da-a0d2-b96f2aed5d5d}</UniqueIdentifier>
      <Extensions>cpp;c;cxx;rc;def;r;odl;idl;hpj;bat</Extensions>
    </Filter>
    <Filter Include="Source Files\msLib">
      <UniqueIdentifier>{3394a9b9-8b56-4cfb-aa89-b3a411395d1f}</UniqueIdentifier>
    </Filter>
    <Filter Include="Resource Files">
      <UniqueIdentifier>{1f61d836-3545-42e3-9cda-e0eb3f49a7f9}</UniqueIdentifier>
      <Extensions>ico;cur;bmp;dlg;rc2;rct;bin;rgs;gif;jpg;jpeg;jpe</Extensions>
    </Filter>
  </ItemGroup>
  <ItemGroup>
    <ClCompile Include="..\tools\ms2dtsExporter\DTSMilkshapeMesh.cpp">
      <Filter>Source Files</Filter>
    </ClCompile>
    <ClCompile Include="..\tools\ms2dtsExporter\DTSMilkshapeShape.cpp">
      <Filter>Source Files</Filter>
    </ClCompile>
    <ClCompile Include="..\tools\ms2dtsExporter\DTSPlugin.cpp">
      <Filter>Source Files</Filter>
    </ClCompile>
    <ClCompile Include="vc7fix.cpp">
      <Filter>Source Files</Filter>
    </ClCompile>
  </ItemGroup>
  <ItemGroup>
    <ClInclude Include="..\tools\ms2dtsExporter\DTSMilkshapeMesh.h">
      <Filter>Source Files</Filter>
    </ClInclude>
    <ClInclude Include="..\tools\ms2dtsExporter\DTSMilkshapeShape.h">
      <Filter>Source Files</Filter>
    </ClInclude>
    <ClInclude Include="..\tools\ms2dtsExporter\msLIB\msLib.h">
      <Filter>Source Files\msLib</Filter>
    </ClInclude>
    <ClInclude Include="..\tools\ms2dtsExporter\msLIB\msPlugIn.h">
      <Filter>Source Files\msLib</Filter>
    </ClInclude>
  </ItemGroup>
  <ItemGroup>
    <None Include="..\tools\ms2dtsExporter\ms2dtsExporter.def">
      <Filter>Source Files</Filter>
    </None>
  </ItemGroup>
  <ItemGroup>
    <Library Include="..\tools\ms2dtsExporter\msLIB\msModelLib.lib">
      <Filter>Source Files\msLib</Filter>
    </Library>
  </ItemGroup>
  <ItemGroup>
    <ResourceCompile Include="..\tools\ms2dtsExporter\resource.rc">
      <Filter>Resource Files</Filter>
    </ResourceCompile>
  </ItemGroup>
</Project>